{
  "name": "bizz2credit-assignment",
  "version": "1.0.0",
  "lockfileVersion": 1,
  "requires": true,
  "dependencies": {
    "calc_dist_geopoints": {
      "version": "1.0.0",
      "resolved": "https://registry.npmjs.org/calc_dist_geopoints/-/calc_dist_geopoints-1.0.0.tgz",
      "integrity": "sha512-2GELBWrVuv4ih7PA3uwU30NV6vCWpWfD6C0WqpeHTU85+LxAgiFm8v0jhudm+47QLuic77UbFIv3YldzB4kcfg=="
    }
  }
}
